// !$*UTF8*$!
{
	archiveVersion = 1;
	classes = {
	};
	objectVersion = 55;
	objects = {

/* Begin PBXBuildFile section */
		8336621D2842112000303585 /* BaseUseCase.swift in Sources */ = {isa = PBXBuildFile; fileRef = 8336621C2842112000303585 /* BaseUseCase.swift */; };
		8336621F284211E800303585 /* UseCaseResult.swift in Sources */ = {isa = PBXBuildFile; fileRef = 8336621E284211E800303585 /* UseCaseResult.swift */; };
		833662212842125E00303585 /* CharactersUseCase.swift in Sources */ = {isa = PBXBuildFile; fileRef = 833662202842125E00303585 /* CharactersUseCase.swift */; };
		833662232842143C00303585 /* CharactersDomain.swift in Sources */ = {isa = PBXBuildFile; fileRef = 833662222842143C00303585 /* CharactersDomain.swift */; };
		8337DFAE283F7D5C00A1064A /* ApiManager.swift in Sources */ = {isa = PBXBuildFile; fileRef = 8337DFAD283F7D5C00A1064A /* ApiManager.swift */; };
		8337DFB1283FDAC100A1064A /* Characters.swift in Sources */ = {isa = PBXBuildFile; fileRef = 8337DFB0283FDAC100A1064A /* Characters.swift */; };
		8337DFB4283FED4D00A1064A /* CharactersService.swift in Sources */ = {isa = PBXBuildFile; fileRef = 8337DFB3283FED4D00A1064A /* CharactersService.swift */; };
		8337DFB6283FF04800A1064A /* CharactersList.swift in Sources */ = {isa = PBXBuildFile; fileRef = 8337DFB5283FF04800A1064A /* CharactersList.swift */; };
		8337DFB8283FF06500A1064A /* Character.swift in Sources */ = {isa = PBXBuildFile; fileRef = 8337DFB7283FF06500A1064A /* Character.swift */; };
		839853E728437AF100FD5C25 /* CharacterCell.swift in Sources */ = {isa = PBXBuildFile; fileRef = 839853E528437AF100FD5C25 /* CharacterCell.swift */; };
		839853E828437AF100FD5C25 /* CharacterCell.xib in Resources */ = {isa = PBXBuildFile; fileRef = 839853E628437AF100FD5C25 /* CharacterCell.xib */; };
		839853EB2843863E00FD5C25 /* UIImageView_Extension.swift in Sources */ = {isa = PBXBuildFile; fileRef = 839853EA2843863E00FD5C25 /* UIImageView_Extension.swift */; };
		83DB5EAF283E7DBA001F2072 /* AppDelegate.swift in Sources */ = {isa = PBXBuildFile; fileRef = 83DB5EAE283E7DBA001F2072 /* AppDelegate.swift */; };
		83DB5EB1283E7DBA001F2072 /* SceneDelegate.swift in Sources */ = {isa = PBXBuildFile; fileRef = 83DB5EB0283E7DBA001F2072 /* SceneDelegate.swift */; };
		83DB5EB8283E7DBD001F2072 /* Assets.xcassets in Resources */ = {isa = PBXBuildFile; fileRef = 83DB5EB7283E7DBD001F2072 /* Assets.xcassets */; };
		83DB5EBB283E7DBD001F2072 /* LaunchScreen.storyboard in Resources */ = {isa = PBXBuildFile; fileRef = 83DB5EB9283E7DBD001F2072 /* LaunchScreen.storyboard */; };
		83DB5EC6283E7DBD001F2072 /* marvelTests.swift in Sources */ = {isa = PBXBuildFile; fileRef = 83DB5EC5283E7DBD001F2072 /* marvelTests.swift */; };
		83DB5ED0283E7DBD001F2072 /* marvelUITests.swift in Sources */ = {isa = PBXBuildFile; fileRef = 83DB5ECF283E7DBD001F2072 /* marvelUITests.swift */; };
		83DB5ED2283E7DBD001F2072 /* marvelUITestsLaunchTests.swift in Sources */ = {isa = PBXBuildFile; fileRef = 83DB5ED1283E7DBD001F2072 /* marvelUITestsLaunchTests.swift */; };
		83DB5EE3283E8C0E001F2072 /* ServiceLocator.swift in Sources */ = {isa = PBXBuildFile; fileRef = 83DB5EE2283E8C0E001F2072 /* ServiceLocator.swift */; };
		83DB5EE7283E8E9E001F2072 /* MainServiceLocator.swift in Sources */ = {isa = PBXBuildFile; fileRef = 83DB5EE6283E8E9E001F2072 /* MainServiceLocator.swift */; };
		83DB5EEB283E8F07001F2072 /* CharactersListViewController.swift in Sources */ = {isa = PBXBuildFile; fileRef = 83DB5EE9283E8F07001F2072 /* CharactersListViewController.swift */; };
		83DB5EEC283E8F07001F2072 /* CharactersListViewController.xib in Resources */ = {isa = PBXBuildFile; fileRef = 83DB5EEA283E8F07001F2072 /* CharactersListViewController.xib */; };
		83DB5EEE283E8F4D001F2072 /* CharactersListPresenter.swift in Sources */ = {isa = PBXBuildFile; fileRef = 83DB5EED283E8F4D001F2072 /* CharactersListPresenter.swift */; };
		83DB5EF4283E9687001F2072 /* BaseViewController.swift in Sources */ = {isa = PBXBuildFile; fileRef = 83DB5EF3283E9687001F2072 /* BaseViewController.swift */; };
		83DB5EF6283E96BD001F2072 /* BasePresenter.swift in Sources */ = {isa = PBXBuildFile; fileRef = 83DB5EF5283E96BD001F2072 /* BasePresenter.swift */; };
		83E4756D2840E80D00B76DE4 /* Thumbnail.swift in Sources */ = {isa = PBXBuildFile; fileRef = 83E4756C2840E80D00B76DE4 /* Thumbnail.swift */; };
		83E475702840E8DD00B76DE4 /* CharacterViewData.swift in Sources */ = {isa = PBXBuildFile; fileRef = 83E4756F2840E8DD00B76DE4 /* CharacterViewData.swift */; };
/* End PBXBuildFile section */

/* Begin PBXContainerItemProxy section */
		83DB5EC2283E7DBD001F2072 /* PBXContainerItemProxy */ = {
			isa = PBXContainerItemProxy;
			containerPortal = 83DB5EA3283E7DBA001F2072 /* Project object */;
			proxyType = 1;
			remoteGlobalIDString = 83DB5EAA283E7DBA001F2072;
			remoteInfo = marvel;
		};
		83DB5ECC283E7DBD001F2072 /* PBXContainerItemProxy */ = {
			isa = PBXContainerItemProxy;
			containerPortal = 83DB5EA3283E7DBA001F2072 /* Project object */;
			proxyType = 1;
			remoteGlobalIDString = 83DB5EAA283E7DBA001F2072;
			remoteInfo = marvel;
		};
/* End PBXContainerItemProxy section */

/* Begin PBXFileReference section */
		8336621C2842112000303585 /* BaseUseCase.swift */ = {isa = PBXFileReference; lastKnownFileType = sourcecode.swift; path = BaseUseCase.swift; sourceTree = "<group>"; };
		8336621E284211E800303585 /* UseCaseResult.swift */ = {isa = PBXFileReference; lastKnownFileType = sourcecode.swift; path = UseCaseResult.swift; sourceTree = "<group>"; };
		833662202842125E00303585 /* CharactersUseCase.swift */ = {isa = PBXFileReference; lastKnownFileType = sourcecode.swift; path = CharactersUseCase.swift; sourceTree = "<group>"; };
		833662222842143C00303585 /* CharactersDomain.swift */ = {isa = PBXFileReference; lastKnownFileType = sourcecode.swift; path = CharactersDomain.swift; sourceTree = "<group>"; };
		8337DFAD283F7D5C00A1064A /* ApiManager.swift */ = {isa = PBXFileReference; lastKnownFileType = sourcecode.swift; path = ApiManager.swift; sourceTree = "<group>"; };
		8337DFB0283FDAC100A1064A /* Characters.swift */ = {isa = PBXFileReference; lastKnownFileType = sourcecode.swift; path = Characters.swift; sourceTree = "<group>"; };
		8337DFB3283FED4D00A1064A /* CharactersService.swift */ = {isa = PBXFileReference; lastKnownFileType = sourcecode.swift; path = CharactersService.swift; sourceTree = "<group>"; };
		8337DFB5283FF04800A1064A /* CharactersList.swift */ = {isa = PBXFileReference; lastKnownFileType = sourcecode.swift; path = CharactersList.swift; sourceTree = "<group>"; };
		8337DFB7283FF06500A1064A /* Character.swift */ = {isa = PBXFileReference; lastKnownFileType = sourcecode.swift; path = Character.swift; sourceTree = "<group>"; };
		839853E528437AF100FD5C25 /* CharacterCell.swift */ = {isa = PBXFileReference; lastKnownFileType = sourcecode.swift; path = CharacterCell.swift; sourceTree = "<group>"; };
		839853E628437AF100FD5C25 /* CharacterCell.xib */ = {isa = PBXFileReference; lastKnownFileType = file.xib; path = CharacterCell.xib; sourceTree = "<group>"; };
		839853EA2843863E00FD5C25 /* UIImageView_Extension.swift */ = {isa = PBXFileReference; lastKnownFileType = sourcecode.swift; path = UIImageView_Extension.swift; sourceTree = "<group>"; };
		83DB5EAB283E7DBA001F2072 /* marvel.app */ = {isa = PBXFileReference; explicitFileType = wrapper.application; includeInIndex = 0; path = marvel.app; sourceTree = BUILT_PRODUCTS_DIR; };
		83DB5EAE283E7DBA001F2072 /* AppDelegate.swift */ = {isa = PBXFileReference; lastKnownFileType = sourcecode.swift; path = AppDelegate.swift; sourceTree = "<group>"; };
		83DB5EB0283E7DBA001F2072 /* SceneDelegate.swift */ = {isa = PBXFileReference; lastKnownFileType = sourcecode.swift; path = SceneDelegate.swift; sourceTree = "<group>"; };
		83DB5EB7283E7DBD001F2072 /* Assets.xcassets */ = {isa = PBXFileReference; lastKnownFileType = folder.assetcatalog; path = Assets.xcassets; sourceTree = "<group>"; };
		83DB5EBA283E7DBD001F2072 /* Base */ = {isa = PBXFileReference; lastKnownFileType = file.storyboard; name = Base; path = Base.lproj/LaunchScreen.storyboard; sourceTree = "<group>"; };
		83DB5EBC283E7DBD001F2072 /* Info.plist */ = {isa = PBXFileReference; lastKnownFileType = text.plist.xml; path = Info.plist; sourceTree = "<group>"; };
		83DB5EC1283E7DBD001F2072 /* marvelTests.xctest */ = {isa = PBXFileReference; explicitFileType = wrapper.cfbundle; includeInIndex = 0; path = marvelTests.xctest; sourceTree = BUILT_PRODUCTS_DIR; };
		83DB5EC5283E7DBD001F2072 /* marvelTests.swift */ = {isa = PBXFileReference; lastKnownFileType = sourcecode.swift; path = marvelTests.swift; sourceTree = "<group>"; };
		83DB5ECB283E7DBD001F2072 /* marvelUITests.xctest */ = {isa = PBXFileReference; explicitFileType = wrapper.cfbundle; includeInIndex = 0; path = marvelUITests.xctest; sourceTree = BUILT_PRODUCTS_DIR; };
		83DB5ECF283E7DBD001F2072 /* marvelUITests.swift */ = {isa = PBXFileReference; lastKnownFileType = sourcecode.swift; path = marvelUITests.swift; sourceTree = "<group>"; };
		83DB5ED1283E7DBD001F2072 /* marvelUITestsLaunchTests.swift */ = {isa = PBXFileReference; lastKnownFileType = sourcecode.swift; path = marvelUITestsLaunchTests.swift; sourceTree = "<group>"; };
		83DB5EE2283E8C0E001F2072 /* ServiceLocator.swift */ = {isa = PBXFileReference; lastKnownFileType = sourcecode.swift; path = ServiceLocator.swift; sourceTree = "<group>"; };
		83DB5EE6283E8E9E001F2072 /* MainServiceLocator.swift */ = {isa = PBXFileReference; lastKnownFileType = sourcecode.swift; path = MainServiceLocator.swift; sourceTree = "<group>"; };
		83DB5EE9283E8F07001F2072 /* CharactersListViewController.swift */ = {isa = PBXFileReference; lastKnownFileType = sourcecode.swift; path = CharactersListViewController.swift; sourceTree = "<group>"; };
		83DB5EEA283E8F07001F2072 /* CharactersListViewController.xib */ = {isa = PBXFileReference; lastKnownFileType = file.xib; path = CharactersListViewController.xib; sourceTree = "<group>"; };
		83DB5EED283E8F4D001F2072 /* CharactersListPresenter.swift */ = {isa = PBXFileReference; lastKnownFileType = sourcecode.swift; path = CharactersListPresenter.swift; sourceTree = "<group>"; };
		83DB5EF3283E9687001F2072 /* BaseViewController.swift */ = {isa = PBXFileReference; lastKnownFileType = sourcecode.swift; path = BaseViewController.swift; sourceTree = "<group>"; };
		83DB5EF5283E96BD001F2072 /* BasePresenter.swift */ = {isa = PBXFileReference; lastKnownFileType = sourcecode.swift; path = BasePresenter.swift; sourceTree = "<group>"; };
		83E4756C2840E80D00B76DE4 /* Thumbnail.swift */ = {isa = PBXFileReference; lastKnownFileType = sourcecode.swift; path = Thumbnail.swift; sourceTree = "<group>"; };
		83E4756F2840E8DD00B76DE4 /* CharacterViewData.swift */ = {isa = PBXFileReference; lastKnownFileType = sourcecode.swift; path = CharacterViewData.swift; sourceTree = "<group>"; };
/* End PBXFileReference section */

/* Begin PBXFrameworksBuildPhase section */
		83DB5EA8283E7DBA001F2072 /* Frameworks */ = {
			isa = PBXFrameworksBuildPhase;
			buildActionMask = 2147483647;
			files = (
			);
			runOnlyForDeploymentPostprocessing = 0;
		};
		83DB5EBE283E7DBD001F2072 /* Frameworks */ = {
			isa = PBXFrameworksBuildPhase;
			buildActionMask = 2147483647;
			files = (
			);
			runOnlyForDeploymentPostprocessing = 0;
		};
		83DB5EC8283E7DBD001F2072 /* Frameworks */ = {
			isa = PBXFrameworksBuildPhase;
			buildActionMask = 2147483647;
			files = (
			);
			runOnlyForDeploymentPostprocessing = 0;
		};
/* End PBXFrameworksBuildPhase section */

/* Begin PBXGroup section */
		833662242842144300303585 /* Bases */ = {
			isa = PBXGroup;
			children = (
				8336621E284211E800303585 /* UseCaseResult.swift */,
				8336621C2842112000303585 /* BaseUseCase.swift */,
			);
			path = Bases;
			sourceTree = "<group>";
		};
		8337DFAF283FDA1200A1064A /* Models */ = {
			isa = PBXGroup;
			children = (
				8337DFB0283FDAC100A1064A /* Characters.swift */,
				8337DFB5283FF04800A1064A /* CharactersList.swift */,
				8337DFB7283FF06500A1064A /* Character.swift */,
				83E4756C2840E80D00B76DE4 /* Thumbnail.swift */,
			);
			path = Models;
			sourceTree = "<group>";
		};
		8337DFB2283FEC5C00A1064A /* Services */ = {
			isa = PBXGroup;
			children = (
				8337DFB3283FED4D00A1064A /* CharactersService.swift */,
			);
			path = Services;
			sourceTree = "<group>";
		};
		839853E428437A7D00FD5C25 /* Cells */ = {
			isa = PBXGroup;
			children = (
				839853E528437AF100FD5C25 /* CharacterCell.swift */,
				839853E628437AF100FD5C25 /* CharacterCell.xib */,
			);
			path = Cells;
			sourceTree = "<group>";
		};
		839853E92843862200FD5C25 /* Extensions */ = {
			isa = PBXGroup;
			children = (
				839853EA2843863E00FD5C25 /* UIImageView_Extension.swift */,
			);
			path = Extensions;
			sourceTree = "<group>";
		};
		83DB5EA2283E7DBA001F2072 = {
			isa = PBXGroup;
			children = (
				83DB5EAD283E7DBA001F2072 /* marvel */,
				83DB5EC4283E7DBD001F2072 /* marvelTests */,
				83DB5ECE283E7DBD001F2072 /* marvelUITests */,
				83DB5EAC283E7DBA001F2072 /* Products */,
			);
			sourceTree = "<group>";
		};
		83DB5EAC283E7DBA001F2072 /* Products */ = {
			isa = PBXGroup;
			children = (
				83DB5EAB283E7DBA001F2072 /* marvel.app */,
				83DB5EC1283E7DBD001F2072 /* marvelTests.xctest */,
				83DB5ECB283E7DBD001F2072 /* marvelUITests.xctest */,
			);
			name = Products;
			sourceTree = "<group>";
		};
		83DB5EAD283E7DBA001F2072 /* marvel */ = {
			isa = PBXGroup;
			children = (
				83DB5EDE283E8913001F2072 /* Source */,
				839853E92843862200FD5C25 /* Extensions */,
				83DB5EDF283E89C8001F2072 /* Resources */,
				83DB5EB9283E7DBD001F2072 /* LaunchScreen.storyboard */,
				83DB5EBC283E7DBD001F2072 /* Info.plist */,
			);
			path = marvel;
			sourceTree = "<group>";
		};
		83DB5EC4283E7DBD001F2072 /* marvelTests */ = {
			isa = PBXGroup;
			children = (
				83DB5EC5283E7DBD001F2072 /* marvelTests.swift */,
			);
			path = marvelTests;
			sourceTree = "<group>";
		};
		83DB5ECE283E7DBD001F2072 /* marvelUITests */ = {
			isa = PBXGroup;
			children = (
				83DB5ECF283E7DBD001F2072 /* marvelUITests.swift */,
				83DB5ED1283E7DBD001F2072 /* marvelUITestsLaunchTests.swift */,
			);
			path = marvelUITests;
			sourceTree = "<group>";
		};
		83DB5EDE283E8913001F2072 /* Source */ = {
			isa = PBXGroup;
			children = (
				83DB5EAE283E7DBA001F2072 /* AppDelegate.swift */,
				83DB5EB0283E7DBA001F2072 /* SceneDelegate.swift */,
				83DB5EE0283E8BEB001F2072 /* Core */,
				83DB5EE4283E8C77001F2072 /* Networking */,
				8337DFB2283FEC5C00A1064A /* Services */,
				8337DFAF283FDA1200A1064A /* Models */,
				83E475712840EECD00B76DE4 /* UseCases */,
				83DB5EE5283E8CAA001F2072 /* Scenes */,
			);
			path = Source;
			sourceTree = "<group>";
		};
		83DB5EDF283E89C8001F2072 /* Resources */ = {
			isa = PBXGroup;
			children = (
				83DB5EB7283E7DBD001F2072 /* Assets.xcassets */,
			);
			path = Resources;
			sourceTree = "<group>";
		};
		83DB5EE0283E8BEB001F2072 /* Core */ = {
			isa = PBXGroup;
			children = (
				83DB5EF2283E9679001F2072 /* Bases */,
				83DB5EE1283E8BF8001F2072 /* ServiceLocator */,
			);
			path = Core;
			sourceTree = "<group>";
		};
		83DB5EE1283E8BF8001F2072 /* ServiceLocator */ = {
			isa = PBXGroup;
			children = (
				83DB5EE2283E8C0E001F2072 /* ServiceLocator.swift */,
			);
			path = ServiceLocator;
			sourceTree = "<group>";
		};
		83DB5EE4283E8C77001F2072 /* Networking */ = {
			isa = PBXGroup;
			children = (
				8337DFAD283F7D5C00A1064A /* ApiManager.swift */,
			);
			path = Networking;
			sourceTree = "<group>";
		};
		83DB5EE5283E8CAA001F2072 /* Scenes */ = {
			isa = PBXGroup;
			children = (
				839853E428437A7D00FD5C25 /* Cells */,
				83DB5EE6283E8E9E001F2072 /* MainServiceLocator.swift */,
				83E4756E2840E8C900B76DE4 /* ViewData */,
				83DB5EE8283E8ED4001F2072 /* CharactersList */,
			);
			path = Scenes;
			sourceTree = "<group>";
		};
		83DB5EE8283E8ED4001F2072 /* CharactersList */ = {
			isa = PBXGroup;
			children = (
				83DB5EE9283E8F07001F2072 /* CharactersListViewController.swift */,
				83DB5EEA283E8F07001F2072 /* CharactersListViewController.xib */,
				83DB5EED283E8F4D001F2072 /* CharactersListPresenter.swift */,
			);
			path = CharactersList;
			sourceTree = "<group>";
		};
		83DB5EF2283E9679001F2072 /* Bases */ = {
			isa = PBXGroup;
			children = (
				83DB5EF3283E9687001F2072 /* BaseViewController.swift */,
				83DB5EF5283E96BD001F2072 /* BasePresenter.swift */,
			);
			path = Bases;
			sourceTree = "<group>";
		};
		83E4756E2840E8C900B76DE4 /* ViewData */ = {
			isa = PBXGroup;
			children = (
				83E4756F2840E8DD00B76DE4 /* CharacterViewData.swift */,
			);
			path = ViewData;
			sourceTree = "<group>";
		};
		83E475712840EECD00B76DE4 /* UseCases */ = {
			isa = PBXGroup;
			children = (
				833662242842144300303585 /* Bases */,
				833662222842143C00303585 /* CharactersDomain.swift */,
				833662202842125E00303585 /* CharactersUseCase.swift */,
			);
			path = UseCases;
			sourceTree = "<group>";
		};
/* End PBXGroup section */

/* Begin PBXNativeTarget section */
		83DB5EAA283E7DBA001F2072 /* marvel */ = {
			isa = PBXNativeTarget;
			buildConfigurationList = 83DB5ED5283E7DBD001F2072 /* Build configuration list for PBXNativeTarget "marvel" */;
			buildPhases = (
				83DB5EA7283E7DBA001F2072 /* Sources */,
				83DB5EA8283E7DBA001F2072 /* Frameworks */,
				83DB5EA9283E7DBA001F2072 /* Resources */,
			);
			buildRules = (
			);
			dependencies = (
			);
			name = marvel;
			productName = marvel;
			productReference = 83DB5EAB283E7DBA001F2072 /* marvel.app */;
			productType = "com.apple.product-type.application";
		};
		83DB5EC0283E7DBD001F2072 /* marvelTests */ = {
			isa = PBXNativeTarget;
			buildConfigurationList = 83DB5ED8283E7DBD001F2072 /* Build configuration list for PBXNativeTarget "marvelTests" */;
			buildPhases = (
				83DB5EBD283E7DBD001F2072 /* Sources */,
				83DB5EBE283E7DBD001F2072 /* Frameworks */,
				83DB5EBF283E7DBD001F2072 /* Resources */,
			);
			buildRules = (
			);
			dependencies = (
				83DB5EC3283E7DBD001F2072 /* PBXTargetDependency */,
			);
			name = marvelTests;
			productName = marvelTests;
			productReference = 83DB5EC1283E7DBD001F2072 /* marvelTests.xctest */;
			productType = "com.apple.product-type.bundle.unit-test";
		};
		83DB5ECA283E7DBD001F2072 /* marvelUITests */ = {
			isa = PBXNativeTarget;
			buildConfigurationList = 83DB5EDB283E7DBD001F2072 /* Build configuration list for PBXNativeTarget "marvelUITests" */;
			buildPhases = (
				83DB5EC7283E7DBD001F2072 /* Sources */,
				83DB5EC8283E7DBD001F2072 /* Frameworks */,
				83DB5EC9283E7DBD001F2072 /* Resources */,
			);
			buildRules = (
			);
			dependencies = (
				83DB5ECD283E7DBD001F2072 /* PBXTargetDependency */,
			);
			name = marvelUITests;
			productName = marvelUITests;
			productReference = 83DB5ECB283E7DBD001F2072 /* marvelUITests.xctest */;
			productType = "com.apple.product-type.bundle.ui-testing";
		};
/* End PBXNativeTarget section */

/* Begin PBXProject section */
		83DB5EA3283E7DBA001F2072 /* Project object */ = {
			isa = PBXProject;
			attributes = {
				BuildIndependentTargetsInParallel = 1;
				LastSwiftUpdateCheck = 1320;
				LastUpgradeCheck = 1320;
				TargetAttributes = {
					83DB5EAA283E7DBA001F2072 = {
						CreatedOnToolsVersion = 13.2.1;
					};
					83DB5EC0283E7DBD001F2072 = {
						CreatedOnToolsVersion = 13.2.1;
						TestTargetID = 83DB5EAA283E7DBA001F2072;
					};
					83DB5ECA283E7DBD001F2072 = {
						CreatedOnToolsVersion = 13.2.1;
						TestTargetID = 83DB5EAA283E7DBA001F2072;
					};
				};
			};
			buildConfigurationList = 83DB5EA6283E7DBA001F2072 /* Build configuration list for PBXProject "marvel" */;
			compatibilityVersion = "Xcode 13.0";
			developmentRegion = en;
			hasScannedForEncodings = 0;
			knownRegions = (
				en,
				Base,
			);
			mainGroup = 83DB5EA2283E7DBA001F2072;
			productRefGroup = 83DB5EAC283E7DBA001F2072 /* Products */;
			projectDirPath = "";
			projectRoot = "";
			targets = (
				83DB5EAA283E7DBA001F2072 /* marvel */,
				83DB5EC0283E7DBD001F2072 /* marvelTests */,
				83DB5ECA283E7DBD001F2072 /* marvelUITests */,
			);
		};
/* End PBXProject section */

/* Begin PBXResourcesBuildPhase section */
		83DB5EA9283E7DBA001F2072 /* Resources */ = {
			isa = PBXResourcesBuildPhase;
			buildActionMask = 2147483647;
			files = (
				83DB5EBB283E7DBD001F2072 /* LaunchScreen.storyboard in Resources */,
				83DB5EEC283E8F07001F2072 /* CharactersListViewController.xib in Resources */,
				83DB5EB8283E7DBD001F2072 /* Assets.xcassets in Resources */,
				839853E828437AF100FD5C25 /* CharacterCell.xib in Resources */,
			);
			runOnlyForDeploymentPostprocessing = 0;
		};
		83DB5EBF283E7DBD001F2072 /* Resources */ = {
			isa = PBXResourcesBuildPhase;
			buildActionMask = 2147483647;
			files = (
			);
			runOnlyForDeploymentPostprocessing = 0;
		};
		83DB5EC9283E7DBD001F2072 /* Resources */ = {
			isa = PBXResourcesBuildPhase;
			buildActionMask = 2147483647;
			files = (
			);
			runOnlyForDeploymentPostprocessing = 0;
		};
/* End PBXResourcesBuildPhase section */

/* Begin PBXSourcesBuildPhase section */
		83DB5EA7283E7DBA001F2072 /* Sources */ = {
			isa = PBXSourcesBuildPhase;
			buildActionMask = 2147483647;
			files = (
				8336621D2842112000303585 /* BaseUseCase.swift in Sources */,
				833662212842125E00303585 /* CharactersUseCase.swift in Sources */,
				833662232842143C00303585 /* CharactersDomain.swift in Sources */,
				8337DFB8283FF06500A1064A /* Character.swift in Sources */,
				83E475702840E8DD00B76DE4 /* CharacterViewData.swift in Sources */,
				83DB5EEB283E8F07001F2072 /* CharactersListViewController.swift in Sources */,
				8337DFAE283F7D5C00A1064A /* ApiManager.swift in Sources */,
				8337DFB4283FED4D00A1064A /* CharactersService.swift in Sources */,
				83DB5EF6283E96BD001F2072 /* BasePresenter.swift in Sources */,
				83DB5EE3283E8C0E001F2072 /* ServiceLocator.swift in Sources */,
				83E4756D2840E80D00B76DE4 /* Thumbnail.swift in Sources */,
				83DB5EEE283E8F4D001F2072 /* CharactersListPresenter.swift in Sources */,
				83DB5EE7283E8E9E001F2072 /* MainServiceLocator.swift in Sources */,
				8337DFB6283FF04800A1064A /* CharactersList.swift in Sources */,
				83DB5EAF283E7DBA001F2072 /* AppDelegate.swift in Sources */,
				839853E728437AF100FD5C25 /* CharacterCell.swift in Sources */,
				839853EB2843863E00FD5C25 /* UIImageView_Extension.swift in Sources */,
				83DB5EF4283E9687001F2072 /* BaseViewController.swift in Sources */,
				83DB5EB1283E7DBA001F2072 /* SceneDelegate.swift in Sources */,
				8337DFB1283FDAC100A1064A /* Characters.swift in Sources */,
				8336621F284211E800303585 /* UseCaseResult.swift in Sources */,
			);
			runOnlyForDeploymentPostprocessing = 0;
		};
		83DB5EBD283E7DBD001F2072 /* Sources */ = {
			isa = PBXSourcesBuildPhase;
			buildActionMask = 2147483647;
			files = (
				83DB5EC6283E7DBD001F2072 /* marvelTests.swift in Sources */,
			);
			runOnlyForDeploymentPostprocessing = 0;
		};
		83DB5EC7283E7DBD001F2072 /* Sources */ = {
			isa = PBXSourcesBuildPhase;
			buildActionMask = 2147483647;
			files = (
				83DB5ED0283E7DBD001F2072 /* marvelUITests.swift in Sources */,
				83DB5ED2283E7DBD001F2072 /* marvelUITestsLaunchTests.swift in Sources */,
			);
			runOnlyForDeploymentPostprocessing = 0;
		};
/* End PBXSourcesBuildPhase section */

/* Begin PBXTargetDependency section */
		83DB5EC3283E7DBD001F2072 /* PBXTargetDependency */ = {
			isa = PBXTargetDependency;
			target = 83DB5EAA283E7DBA001F2072 /* marvel */;
			targetProxy = 83DB5EC2283E7DBD001F2072 /* PBXContainerItemProxy */;
		};
		83DB5ECD283E7DBD001F2072 /* PBXTargetDependency */ = {
			isa = PBXTargetDependency;
			target = 83DB5EAA283E7DBA001F2072 /* marvel */;
			targetProxy = 83DB5ECC283E7DBD001F2072 /* PBXContainerItemProxy */;
		};
/* End PBXTargetDependency section */

/* Begin PBXVariantGroup section */
		83DB5EB9283E7DBD001F2072 /* LaunchScreen.storyboard */ = {
			isa = PBXVariantGroup;
			children = (
				83DB5EBA283E7DBD001F2072 /* Base */,
			);
			name = LaunchScreen.storyboard;
			sourceTree = "<group>";
		};
/* End PBXVariantGroup section */

/* Begin XCBuildConfiguration section */
		83DB5ED3283E7DBD001F2072 /* Debug */ = {
			isa = XCBuildConfiguration;
			buildSettings = {
				ALWAYS_SEARCH_USER_PATHS = NO;
				CLANG_ANALYZER_NONNULL = YES;
				CLANG_ANALYZER_NUMBER_OBJECT_CONVERSION = YES_AGGRESSIVE;
				CLANG_CXX_LANGUAGE_STANDARD = "gnu++17";
				CLANG_CXX_LIBRARY = "libc++";
				CLANG_ENABLE_MODULES = YES;
				CLANG_ENABLE_OBJC_ARC = YES;
				CLANG_ENABLE_OBJC_WEAK = YES;
				CLANG_WARN_BLOCK_CAPTURE_AUTORELEASING = YES;
				CLANG_WARN_BOOL_CONVERSION = YES;
				CLANG_WARN_COMMA = YES;
				CLANG_WARN_CONSTANT_CONVERSION = YES;
				CLANG_WARN_DEPRECATED_OBJC_IMPLEMENTATIONS = YES;
				CLANG_WARN_DIRECT_OBJC_ISA_USAGE = YES_ERROR;
				CLANG_WARN_DOCUMENTATION_COMMENTS = YES;
				CLANG_WARN_EMPTY_BODY = YES;
				CLANG_WARN_ENUM_CONVERSION = YES;
				CLANG_WARN_INFINITE_RECURSION = YES;
				CLANG_WARN_INT_CONVERSION = YES;
				CLANG_WARN_NON_LITERAL_NULL_CONVERSION = YES;
				CLANG_WARN_OBJC_IMPLICIT_RETAIN_SELF = YES;
				CLANG_WARN_OBJC_LITERAL_CONVERSION = YES;
				CLANG_WARN_OBJC_ROOT_CLASS = YES_ERROR;
				CLANG_WARN_QUOTED_INCLUDE_IN_FRAMEWORK_HEADER = YES;
				CLANG_WARN_RANGE_LOOP_ANALYSIS = YES;
				CLANG_WARN_STRICT_PROTOTYPES = YES;
				CLANG_WARN_SUSPICIOUS_MOVE = YES;
				CLANG_WARN_UNGUARDED_AVAILABILITY = YES_AGGRESSIVE;
				CLANG_WARN_UNREACHABLE_CODE = YES;
				CLANG_WARN__DUPLICATE_METHOD_MATCH = YES;
				COPY_PHASE_STRIP = NO;
				DEBUG_INFORMATION_FORMAT = dwarf;
				ENABLE_STRICT_OBJC_MSGSEND = YES;
				ENABLE_TESTABILITY = YES;
				GCC_C_LANGUAGE_STANDARD = gnu11;
				GCC_DYNAMIC_NO_PIC = NO;
				GCC_NO_COMMON_BLOCKS = YES;
				GCC_OPTIMIZATION_LEVEL = 0;
				GCC_PREPROCESSOR_DEFINITIONS = (
					"DEBUG=1",
					"$(inherited)",
				);
				GCC_WARN_64_TO_32_BIT_CONVERSION = YES;
				GCC_WARN_ABOUT_RETURN_TYPE = YES_ERROR;
				GCC_WARN_UNDECLARED_SELECTOR = YES;
				GCC_WARN_UNINITIALIZED_AUTOS = YES_AGGRESSIVE;
				GCC_WARN_UNUSED_FUNCTION = YES;
				GCC_WARN_UNUSED_VARIABLE = YES;
				IPHONEOS_DEPLOYMENT_TARGET = 15.2;
				MTL_ENABLE_DEBUG_INFO = INCLUDE_SOURCE;
				MTL_FAST_MATH = YES;
				ONLY_ACTIVE_ARCH = YES;
				SDKROOT = iphoneos;
				SWIFT_ACTIVE_COMPILATION_CONDITIONS = DEBUG;
				SWIFT_OPTIMIZATION_LEVEL = "-Onone";
			};
			name = Debug;
		};
		83DB5ED4283E7DBD001F2072 /* Release */ = {
			isa = XCBuildConfiguration;
			buildSettings = {
				ALWAYS_SEARCH_USER_PATHS = NO;
				CLANG_ANALYZER_NONNULL = YES;
				CLANG_ANALYZER_NUMBER_OBJECT_CONVERSION = YES_AGGRESSIVE;
				CLANG_CXX_LANGUAGE_STANDARD = "gnu++17";
				CLANG_CXX_LIBRARY = "libc++";
				CLANG_ENABLE_MODULES = YES;
				CLANG_ENABLE_OBJC_ARC = YES;
				CLANG_ENABLE_OBJC_WEAK = YES;
				CLANG_WARN_BLOCK_CAPTURE_AUTORELEASING = YES;
				CLANG_WARN_BOOL_CONVERSION = YES;
				CLANG_WARN_COMMA = YES;
				CLANG_WARN_CONSTANT_CONVERSION = YES;
				CLANG_WARN_DEPRECATED_OBJC_IMPLEMENTATIONS = YES;
				CLANG_WARN_DIRECT_OBJC_ISA_USAGE = YES_ERROR;
				CLANG_WARN_DOCUMENTATION_COMMENTS = YES;
				CLANG_WARN_EMPTY_BODY = YES;
				CLANG_WARN_ENUM_CONVERSION = YES;
				CLANG_WARN_INFINITE_RECURSION = YES;
				CLANG_WARN_INT_CONVERSION = YES;
				CLANG_WARN_NON_LITERAL_NULL_CONVERSION = YES;
				CLANG_WARN_OBJC_IMPLICIT_RETAIN_SELF = YES;
				CLANG_WARN_OBJC_LITERAL_CONVERSION = YES;
				CLANG_WARN_OBJC_ROOT_CLASS = YES_ERROR;
				CLANG_WARN_QUOTED_INCLUDE_IN_FRAMEWORK_HEADER = YES;
				CLANG_WARN_RANGE_LOOP_ANALYSIS = YES;
				CLANG_WARN_STRICT_PROTOTYPES = YES;
				CLANG_WARN_SUSPICIOUS_MOVE = YES;
				CLANG_WARN_UNGUARDED_AVAILABILITY = YES_AGGRESSIVE;
				CLANG_WARN_UNREACHABLE_CODE = YES;
				CLANG_WARN__DUPLICATE_METHOD_MATCH = YES;
				COPY_PHASE_STRIP = NO;
				DEBUG_INFORMATION_FORMAT = "dwarf-with-dsym";
				ENABLE_NS_ASSERTIONS = NO;
				ENABLE_STRICT_OBJC_MSGSEND = YES;
				GCC_C_LANGUAGE_STANDARD = gnu11;
				GCC_NO_COMMON_BLOCKS = YES;
				GCC_WARN_64_TO_32_BIT_CONVERSION = YES;
				GCC_WARN_ABOUT_RETURN_TYPE = YES_ERROR;
				GCC_WARN_UNDECLARED_SELECTOR = YES;
				GCC_WARN_UNINITIALIZED_AUTOS = YES_AGGRESSIVE;
				GCC_WARN_UNUSED_FUNCTION = YES;
				GCC_WARN_UNUSED_VARIABLE = YES;
				IPHONEOS_DEPLOYMENT_TARGET = 15.2;
				MTL_ENABLE_DEBUG_INFO = NO;
				MTL_FAST_MATH = YES;
				SDKROOT = iphoneos;
				SWIFT_COMPILATION_MODE = wholemodule;
				SWIFT_OPTIMIZATION_LEVEL = "-O";
				VALIDATE_PRODUCT = YES;
			};
			name = Release;
		};
		83DB5ED6283E7DBD001F2072 /* Debug */ = {
			isa = XCBuildConfiguration;
			buildSettings = {
				ASSETCATALOG_COMPILER_APPICON_NAME = AppIcon;
				ASSETCATALOG_COMPILER_GLOBAL_ACCENT_COLOR_NAME = AccentColor;
				CODE_SIGN_STYLE = Automatic;
				CURRENT_PROJECT_VERSION = 1;
				DEVELOPMENT_TEAM = LCT9XVE8XE;
				GENERATE_INFOPLIST_FILE = YES;
				INFOPLIST_FILE = marvel/Info.plist;
				INFOPLIST_KEY_UIApplicationSupportsIndirectInputEvents = YES;
				INFOPLIST_KEY_UILaunchStoryboardName = LaunchScreen;
				INFOPLIST_KEY_UIMainStoryboardFile = LaunchScreen;
				INFOPLIST_KEY_UISupportedInterfaceOrientations_iPad = "UIInterfaceOrientationPortrait UIInterfaceOrientationPortraitUpsideDown UIInterfaceOrientationLandscapeLeft UIInterfaceOrientationLandscapeRight";
				INFOPLIST_KEY_UISupportedInterfaceOrientations_iPhone = "UIInterfaceOrientationPortrait UIInterfaceOrientationLandscapeLeft UIInterfaceOrientationLandscapeRight";
				LD_RUNPATH_SEARCH_PATHS = (
					"$(inherited)",
					"@executable_path/Frameworks",
				);
				MARKETING_VERSION = 1.0;
				PRODUCT_BUNDLE_IDENTIFIER = "com.ana-calvo.marvel";
				PRODUCT_NAME = "$(TARGET_NAME)";
				SWIFT_EMIT_LOC_STRINGS = YES;
				SWIFT_VERSION = 5.0;
				TARGETED_DEVICE_FAMILY = "1,2";
			};
			name = Debug;
		};
		83DB5ED7283E7DBD001F2072 /* Release */ = {
			isa = XCBuildConfiguration;
			buildSettings = {
				ASSETCATALOG_COMPILER_APPICON_NAME = AppIcon;
				ASSETCATALOG_COMPILER_GLOBAL_ACCENT_COLOR_NAME = AccentColor;
				CODE_SIGN_STYLE = Automatic;
				CURRENT_PROJECT_VERSION = 1;
				DEVELOPMENT_TEAM = LCT9XVE8XE;
				GENERATE_INFOPLIST_FILE = YES;
				INFOPLIST_FILE = marvel/Info.plist;
				INFOPLIST_KEY_UIApplicationSupportsIndirectInputEvents = YES;
				INFOPLIST_KEY_UILaunchStoryboardName = LaunchScreen;
				INFOPLIST_KEY_UIMainStoryboardFile = LaunchScreen;
				INFOPLIST_KEY_UISupportedInterfaceOrientations_iPad = "UIInterfaceOrientationPortrait UIInterfaceOrientationPortraitUpsideDown UIInterfaceOrientationLandscapeLeft UIInterfaceOrientationLandscapeRight";
				INFOPLIST_KEY_UISupportedInterfaceOrientations_iPhone = "UIInterfaceOrientationPortrait UIInterfaceOrientationLandscapeLeft UIInterfaceOrientationLandscapeRight";
				LD_RUNPATH_SEARCH_PATHS = (
					"$(inherited)",
					"@executable_path/Frameworks",
				);
				MARKETING_VERSION = 1.0;
				PRODUCT_BUNDLE_IDENTIFIER = "com.ana-calvo.marvel";
				PRODUCT_NAME = "$(TARGET_NAME)";
				SWIFT_EMIT_LOC_STRINGS = YES;
				SWIFT_VERSION = 5.0;
				TARGETED_DEVICE_FAMILY = "1,2";
			};
			name = Release;
		};
		83DB5ED9283E7DBD001F2072 /* Debug */ = {
			isa = XCBuildConfiguration;
			buildSettings = {
				ALWAYS_EMBED_SWIFT_STANDARD_LIBRARIES = YES;
				BUNDLE_LOADER = "$(TEST_HOST)";
				CODE_SIGN_STYLE = Automatic;
				CURRENT_PROJECT_VERSION = 1;
				DEVELOPMENT_TEAM = LCT9XVE8XE;
				GENERATE_INFOPLIST_FILE = YES;
				IPHONEOS_DEPLOYMENT_TARGET = 15.2;
				MARKETING_VERSION = 1.0;
				PRODUCT_BUNDLE_IDENTIFIER = "com.ana-calvo.marvelTests";
				PRODUCT_NAME = "$(TARGET_NAME)";
				SWIFT_EMIT_LOC_STRINGS = NO;
				SWIFT_VERSION = 5.0;
				TARGETED_DEVICE_FAMILY = "1,2";
				TEST_HOST = "$(BUILT_PRODUCTS_DIR)/marvel.app/marvel";
			};
			name = Debug;
		};
		83DB5EDA283E7DBD001F2072 /* Release */ = {
			isa = XCBuildConfiguration;
			buildSettings = {
				ALWAYS_EMBED_SWIFT_STANDARD_LIBRARIES = YES;
				BUNDLE_LOADER = "$(TEST_HOST)";
				CODE_SIGN_STYLE = Automatic;
				CURRENT_PROJECT_VERSION = 1;
				DEVELOPMENT_TEAM = LCT9XVE8XE;
				GENERATE_INFOPLIST_FILE = YES;
				IPHONEOS_DEPLOYMENT_TARGET = 15.2;
				MARKETING_VERSION = 1.0;
				PRODUCT_BUNDLE_IDENTIFIER = "com.ana-calvo.marvelTests";
				PRODUCT_NAME = "$(TARGET_NAME)";
				SWIFT_EMIT_LOC_STRINGS = NO;
				SWIFT_VERSION = 5.0;
				TARGETED_DEVICE_FAMILY = "1,2";
				TEST_HOST = "$(BUILT_PRODUCTS_DIR)/marvel.app/marvel";
			};
			name = Release;
		};
		83DB5EDC283E7DBD001F2072 /* Debug */ = {
			isa = XCBuildConfiguration;
			buildSettings = {
				ALWAYS_EMBED_SWIFT_STANDARD_LIBRARIES = YES;
				CODE_SIGN_STYLE = Automatic;
				CURRENT_PROJECT_VERSION = 1;
				DEVELOPMENT_TEAM = LCT9XVE8XE;
				GENERATE_INFOPLIST_FILE = YES;
				MARKETING_VERSION = 1.0;
				PRODUCT_BUNDLE_IDENTIFIER = "com.ana-calvo.marvelUITests";
				PRODUCT_NAME = "$(TARGET_NAME)";
				SWIFT_EMIT_LOC_STRINGS = NO;
				SWIFT_VERSION = 5.0;
				TARGETED_DEVICE_FAMILY = "1,2";
				TEST_TARGET_NAME = marvel;
			};
			name = Debug;
		};
		83DB5EDD283E7DBD001F2072 /* Release */ = {
			isa = XCBuildConfiguration;
			buildSettings = {
				ALWAYS_EMBED_SWIFT_STANDARD_LIBRARIES = YES;
				CODE_SIGN_STYLE = Automatic;
				CURRENT_PROJECT_VERSION = 1;
				DEVELOPMENT_TEAM = LCT9XVE8XE;
				GENERATE_INFOPLIST_FILE = YES;
				MARKETING_VERSION = 1.0;
				PRODUCT_BUNDLE_IDENTIFIER = "com.ana-calvo.marvelUITests";
				PRODUCT_NAME = "$(TARGET_NAME)";
				SWIFT_EMIT_LOC_STRINGS = NO;
				SWIFT_VERSION = 5.0;
				TARGETED_DEVICE_FAMILY = "1,2";
				TEST_TARGET_NAME = marvel;
			};
			name = Release;
		};
/* End XCBuildConfiguration section */

/* Begin XCConfigurationList section */
		83DB5EA6283E7DBA001F2072 /* Build configuration list for PBXProject "marvel" */ = {
			isa = XCConfigurationList;
			buildConfigurations = (
				83DB5ED3283E7DBD001F2072 /* Debug */,
				83DB5ED4283E7DBD001F2072 /* Release */,
			);
			defaultConfigurationIsVisible = 0;
			defaultConfigurationName = Release;
		};
		83DB5ED5283E7DBD001F2072 /* Build configuration list for PBXNativeTarget "marvel" */ = {
			isa = XCConfigurationList;
			buildConfigurations = (
				83DB5ED6283E7DBD001F2072 /* Debug */,
				83DB5ED7283E7DBD001F2072 /* Release */,
			);
			defaultConfigurationIsVisible = 0;
			defaultConfigurationName = Release;
		};
		83DB5ED8283E7DBD001F2072 /* Build configuration list for PBXNativeTarget "marvelTests" */ = {
			isa = XCConfigurationList;
			buildConfigurations = (
				83DB5ED9283E7DBD001F2072 /* Debug */,
				83DB5EDA283E7DBD001F2072 /* Release */,
			);
			defaultConfigurationIsVisible = 0;
			defaultConfigurationName = Release;
		};
		83DB5EDB283E7DBD001F2072 /* Build configuration list for PBXNativeTarget "marvelUITests" */ = {
			isa = XCConfigurationList;
			buildConfigurations = (
				83DB5EDC283E7DBD001F2072 /* Debug */,
				83DB5EDD283E7DBD001F2072 /* Release */,
			);
			defaultConfigurationIsVisible = 0;
			defaultConfigurationName = Release;
		};
/* End XCConfigurationList section */
	};
	rootObject = 83DB5EA3283E7DBA001F2072 /* Project object */;
}
